
Microsoft Visual Studio Solution File, Format Version 12.00
# Visual Studio Version 16
VisualStudioVersion = 16.0.32002.261
MinimumVisualStudioVersion = 10.0.40219.1
Project("{888888A0-9F3D-457C-B088-3A5042F75D52}") = "Class_Example1", "Class_Example1.pyproj", "{A0B5787B-0140-4144-9504-847AD40A0416}"
EndProject
Global
	GlobalSection(SolutionConfigurationPlatforms) = preSolution
		Debug|Any CPU = Debug|Any CPU
		Release|Any CPU = Release|Any CPU
	EndGlobalSection
	GlobalSection(ProjectConfigurationPlatforms) = postSolution
		{A0B5787B-0140-4144-9504-847AD40A0416}.Debug|Any CPU.ActiveCfg = Debug|Any CPU
		{A0B5787B-0140-4144-9504-847AD40A0416}.Release|Any CPU.ActiveCfg = Release|Any CPU
	EndGlobalSection
	GlobalSection(SolutionProperties) = preSolution
		HideSolutionNode = FALSE
	EndGlobalSection
	GlobalSection(ExtensibilityGlobals) = postSolution
		SolutionGuid = {7411C4B8-6E27-4639-8CD7-A6854BAA9637}
	EndGlobalSection
EndGlobal
